
Microsoft Visual Studio Solution File, Format Version 12.00
# Visual Studio Version 16
VisualStudioVersion = 16.0.28803.452
MinimumVisualStudioVersion = 10.0.40219.1
Project("{8BC9CEB8-8B4A-11D0-8D11-00A0C91BC942}") = "TARPOLab2", "TARPOLab1\TARPOLab1.vcxproj", "{529D928D-90A3-45D0-B7BC-CE766AAC753D}"
EndProject
Global
	GlobalSection(SolutionConfigurationPlatforms) = preSolution
		Debug|x64 = Debug|x64
		Debug|x86 = Debug|x86
		Release|x64 = Release|x64
		Release|x86 = Release|x86
	EndGlobalSection
	GlobalSection(ProjectConfigurationPlatforms) = postSolution
		{529D928D-90A3-45D0-B7BC-CE766AAC753D}.Debug|x64.ActiveCfg = Debug|x64
		{529D928D-90A3-45D0-B7BC-CE766AAC753D}.Debug|x64.Build.0 = Debug|x64
		{529D928D-90A3-45D0-B7BC-CE766AAC753D}.Debug|x86.ActiveCfg = Debug|Win32
		{529D928D-90A3-45D0-B7BC-CE766AAC753D}.Debug|x86.Build.0 = Debug|Win32
		{529D928D-90A3-45D0-B7BC-CE766AAC753D}.Release|x64.ActiveCfg = Release|x64
		{529D928D-90A3-45D0-B7BC-CE766AAC753D}.Release|x64.Build.0 = Release|x64
		{529D928D-90A3-45D0-B7BC-CE766AAC753D}.Release|x86.ActiveCfg = Release|Win32
		{529D928D-90A3-45D0-B7BC-CE766AAC753D}.Release|x86.Build.0 = Release|Win32
	EndGlobalSection
	GlobalSection(SolutionProperties) = preSolution
		HideSolutionNode = FALSE
	EndGlobalSection
	GlobalSection(ExtensibilityGlobals) = postSolution
		SolutionGuid = {EC54D255-3DB6-4F94-A64F-142945C37248}
	EndGlobalSection
EndGlobal
